
Microsoft Visual Studio Solution File, Format Version 12.00
# Visual Studio Version 16
VisualStudioVersion = 16.0.31205.134
MinimumVisualStudioVersion = 10.0.40219.1
Project("{FAE04EC0-301F-11D3-BF4B-00C04F79EFBC}") = "FileIO", "FileIO.csproj", "{3A009212-BA01-4B37-A377-6872D2B040F3}"
EndProject
Project("{FAE04EC0-301F-11D3-BF4B-00C04F79EFBC}") = "SerializationDemo", "..\SerializationDemo\SerializationDemo.csproj", "{0DE669EB-2535-47E8-9F7C-999AD7293A1F}"
EndProject
Global
	GlobalSection(SolutionConfigurationPlatforms) = preSolution
		Debug|Any CPU = Debug|Any CPU
		Release|Any CPU = Release|Any CPU
	EndGlobalSection
	GlobalSection(ProjectConfigurationPlatforms) = postSolution
		{3A009212-BA01-4B37-A377-6872D2B040F3}.Debug|Any CPU.ActiveCfg = Debug|Any CPU
		{3A009212-BA01-4B37-A377-6872D2B040F3}.Debug|Any CPU.Build.0 = Debug|Any CPU
		{3A009212-BA01-4B37-A377-6872D2B040F3}.Release|Any CPU.ActiveCfg = Release|Any CPU
		{3A009212-BA01-4B37-A377-6872D2B040F3}.Release|Any CPU.Build.0 = Release|Any CPU
		{0DE669EB-2535-47E8-9F7C-999AD7293A1F}.Debug|Any CPU.ActiveCfg = Debug|Any CPU
		{0DE669EB-2535-47E8-9F7C-999AD7293A1F}.Debug|Any CPU.Build.0 = Debug|Any CPU
		{0DE669EB-2535-47E8-9F7C-999AD7293A1F}.Release|Any CPU.ActiveCfg = Release|Any CPU
		{0DE669EB-2535-47E8-9F7C-999AD7293A1F}.Release|Any CPU.Build.0 = Release|Any CPU
	EndGlobalSection
	GlobalSection(SolutionProperties) = preSolution
		HideSolutionNode = FALSE
	EndGlobalSection
	GlobalSection(ExtensibilityGlobals) = postSolution
		SolutionGuid = {78F2B424-CD2D-4544-896A-5936C404C022}
	EndGlobalSection
EndGlobal
